// !$*UTF8*$!
{
	archiveVersion = 1;
	classes = {
	};
	objectVersion = 46;
	objects = {

/* Begin PBXBuildFile section */
		7E17D6141EF390DA00DA7EA8 /* DetailsViewController.swift in Sources */ = {isa = PBXBuildFile; fileRef = 7E17D6131EF390DA00DA7EA8 /* DetailsViewController.swift */; };
		7EE7A1751EF07BA000897E8E /* AppDelegate.swift in Sources */ = {isa = PBXBuildFile; fileRef = 7EE7A1741EF07BA000897E8E /* AppDelegate.swift */; };
		7EE7A17A1EF07BA000897E8E /* Main.storyboard in Resources */ = {isa = PBXBuildFile; fileRef = 7EE7A1781EF07BA000897E8E /* Main.storyboard */; };
		7EE7A17C1EF07BA000897E8E /* Assets.xcassets in Resources */ = {isa = PBXBuildFile; fileRef = 7EE7A17B1EF07BA000897E8E /* Assets.xcassets */; };
		7EE7A17F1EF07BA000897E8E /* LaunchScreen.storyboard in Resources */ = {isa = PBXBuildFile; fileRef = 7EE7A17D1EF07BA000897E8E /* LaunchScreen.storyboard */; };
		7EE7A1871EF07C4900897E8E /* MovieViewController.swift in Sources */ = {isa = PBXBuildFile; fileRef = 7EE7A1861EF07C4900897E8E /* MovieViewController.swift */; };
		7EE7A1891EF07C4900897E8E /* MoviesCell.swift in Sources */ = {isa = PBXBuildFile; fileRef = 7EE7A1881EF07C4900897E8E /* MoviesCell.swift */; };
		8886DF328DD9CB2485B30018 /* Pods_flick.framework in Frameworks */ = {isa = PBXBuildFile; fileRef = 6042E3494055149E4FA26139 /* Pods_flick.framework */; };
/* End PBXBuildFile section */

/* Begin PBXFileReference section */
		1B84F97191CC8DC03299AA6A /* Pods-flick.release.xcconfig */ = {isa = PBXFileReference; includeInIndex = 1; lastKnownFileType = text.xcconfig; name = "Pods-flick.release.xcconfig"; path = "Pods/Target Support Files/Pods-flick/Pods-flick.release.xcconfig"; sourceTree = "<group>"; };
		28E027910E330ABF284F506A /* Pods-flick.debug.xcconfig */ = {isa = PBXFileReference; includeInIndex = 1; lastKnownFileType = text.xcconfig; name = "Pods-flick.debug.xcconfig"; path = "Pods/Target Support Files/Pods-flick/Pods-flick.debug.xcconfig"; sourceTree = "<group>"; };
		6042E3494055149E4FA26139 /* Pods_flick.framework */ = {isa = PBXFileReference; explicitFileType = wrapper.framework; includeInIndex = 0; path = Pods_flick.framework; sourceTree = BUILT_PRODUCTS_DIR; };
		7E17D6131EF390DA00DA7EA8 /* DetailsViewController.swift */ = {isa = PBXFileReference; fileEncoding = 4; lastKnownFileType = sourcecode.swift; path = DetailsViewController.swift; sourceTree = "<group>"; };
		7EE7A1711EF07BA000897E8E /* flick.app */ = {isa = PBXFileReference; explicitFileType = wrapper.application; includeInIndex = 0; path = flick.app; sourceTree = BUILT_PRODUCTS_DIR; };
		7EE7A1741EF07BA000897E8E /* AppDelegate.swift */ = {isa = PBXFileReference; lastKnownFileType = sourcecode.swift; path = AppDelegate.swift; sourceTree = "<group>"; };
		7EE7A1791EF07BA000897E8E /* Base */ = {isa = PBXFileReference; lastKnownFileType = file.storyboard; name = Base; path = Base.lproj/Main.storyboard; sourceTree = "<group>"; };
		7EE7A17B1EF07BA000897E8E /* Assets.xcassets */ = {isa = PBXFileReference; lastKnownFileType = folder.assetcatalog; path = Assets.xcassets; sourceTree = "<group>"; };
		7EE7A17E1EF07BA000897E8E /* Base */ = {isa = PBXFileReference; lastKnownFileType = file.storyboard; name = Base; path = Base.lproj/LaunchScreen.storyboard; sourceTree = "<group>"; };
		7EE7A1801EF07BA000897E8E /* Info.plist */ = {isa = PBXFileReference; lastKnownFileType = text.plist.xml; path = Info.plist; sourceTree = "<group>"; };
		7EE7A1861EF07C4900897E8E /* MovieViewController.swift */ = {isa = PBXFileReference; fileEncoding = 4; lastKnownFileType = sourcecode.swift; path = MovieViewController.swift; sourceTree = "<group>"; };
		7EE7A1881EF07C4900897E8E /* MoviesCell.swift */ = {isa = PBXFileReference; fileEncoding = 4; lastKnownFileType = sourcecode.swift; path = MoviesCell.swift; sourceTree = "<group>"; };
/* End PBXFileReference section */

/* Begin PBXFrameworksBuildPhase section */
		7EE7A16E1EF07BA000897E8E /* Frameworks */ = {
			isa = PBXFrameworksBuildPhase;
			buildActionMask = 2147483647;
			files = (
				8886DF328DD9CB2485B30018 /* Pods_flick.framework in Frameworks */,
			);
			runOnlyForDeploymentPostprocessing = 0;
		};
/* End PBXFrameworksBuildPhase section */

/* Begin PBXGroup section */
		7EE7A1681EF07BA000897E8E = {
			isa = PBXGroup;
			children = (
				7EE7A1731EF07BA000897E8E /* flick */,
				7EE7A1721EF07BA000897E8E /* Products */,
				CD9421B0A9949BD5A6161EA5 /* Pods */,
				D3AE6101274359A051F43498 /* Frameworks */,
			);
			sourceTree = "<group>";
		};
		7EE7A1721EF07BA000897E8E /* Products */ = {
			isa = PBXGroup;
			children = (
				7EE7A1711EF07BA000897E8E /* flick.app */,
			);
			name = Products;
			sourceTree = "<group>";
		};
		7EE7A1731EF07BA000897E8E /* flick */ = {
			isa = PBXGroup;
			children = (
				7EE7A1741EF07BA000897E8E /* AppDelegate.swift */,
				7EE7A1781EF07BA000897E8E /* Main.storyboard */,
				7EE7A17B1EF07BA000897E8E /* Assets.xcassets */,
				7EE7A17D1EF07BA000897E8E /* LaunchScreen.storyboard */,
				7EE7A1801EF07BA000897E8E /* Info.plist */,
				7EE7A1861EF07C4900897E8E /* MovieViewController.swift */,
				7EE7A1881EF07C4900897E8E /* MoviesCell.swift */,
				7E17D6131EF390DA00DA7EA8 /* DetailsViewController.swift */,
			);
			path = flick;
			sourceTree = "<group>";
		};
		CD9421B0A9949BD5A6161EA5 /* Pods */ = {
			isa = PBXGroup;
			children = (
				28E027910E330ABF284F506A /* Pods-flick.debug.xcconfig */,
				1B84F97191CC8DC03299AA6A /* Pods-flick.release.xcconfig */,
			);
			name = Pods;
			sourceTree = "<group>";
		};
		D3AE6101274359A051F43498 /* Frameworks */ = {
			isa = PBXGroup;
			children = (
				6042E3494055149E4FA26139 /* Pods_flick.framework */,
			);
			name = Frameworks;
			sourceTree = "<group>";
		};
/* End PBXGroup section */

/* Begin PBXNativeTarget section */
		7EE7A1701EF07BA000897E8E /* flick */ = {
			isa = PBXNativeTarget;
			buildConfigurationList = 7EE7A1831EF07BA000897E8E /* Build configuration list for PBXNativeTarget "flick" */;
			buildPhases = (
				91279D2654F3F8C6A063A11B /* [CP] Check Pods Manifest.lock */,
				7EE7A16D1EF07BA000897E8E /* Sources */,
				7EE7A16E1EF07BA000897E8E /* Frameworks */,
				7EE7A16F1EF07BA000897E8E /* Resources */,
				E344730F2119AF478F39E76C /* [CP] Embed Pods Frameworks */,
				66CF291A8B8464F5D2931134 /* [CP] Copy Pods Resources */,
			);
			buildRules = (
			);
			dependencies = (
			);
			name = flick;
			productName = flick;
			productReference = 7EE7A1711EF07BA000897E8E /* flick.app */;
			productType = "com.apple.product-type.application";
		};
/* End PBXNativeTarget section */

/* Begin PBXProject section */
		7EE7A1691EF07BA000897E8E /* Project object */ = {
			isa = PBXProject;
			attributes = {
				LastSwiftUpdateCheck = 0830;
				LastUpgradeCheck = 0830;
				ORGANIZATIONNAME = phungducchinh;
				TargetAttributes = {
					7EE7A1701EF07BA000897E8E = {
						CreatedOnToolsVersion = 8.3.2;
						ProvisioningStyle = Automatic;
					};
				};
			};
			buildConfigurationList = 7EE7A16C1EF07BA000897E8E /* Build configuration list for PBXProject "flick" */;
			compatibilityVersion = "Xcode 3.2";
			developmentRegion = English;
			hasScannedForEncodings = 0;
			knownRegions = (
				en,
				Base,
			);
			mainGroup = 7EE7A1681EF07BA000897E8E;
			productRefGroup = 7EE7A1721EF07BA000897E8E /* Products */;
			projectDirPath = "";
			projectRoot = "";
			targets = (
				7EE7A1701EF07BA000897E8E /* flick */,
			);
		};
/* End PBXProject section */

/* Begin PBXResourcesBuildPhase section */
		7EE7A16F1EF07BA000897E8E /* Resources */ = {
			isa = PBXResourcesBuildPhase;
			buildActionMask = 2147483647;
			files = (
				7EE7A17F1EF07BA000897E8E /* LaunchScreen.storyboard in Resources */,
				7EE7A17C1EF07BA000897E8E /* Assets.xcassets in Resources */,
				7EE7A17A1EF07BA000897E8E /* Main.storyboard in Resources */,
			);
			runOnlyForDeploymentPostprocessing = 0;
		};
/* End PBXResourcesBuildPhase section */

/* Begin PBXShellScriptBuildPhase section */
		66CF291A8B8464F5D2931134 /* [CP] Copy Pods Resources */ = {
			isa = PBXShellScriptBuildPhase;
			buildActionMask = 2147483647;
			files = (
			);
			inputPaths = (
			);
			name = "[CP] Copy Pods Resources";
			outputPaths = (
			);
			runOnlyForDeploymentPostprocessing = 0;
			shellPath = /bin/sh;
			shellScript = "\"${SRCROOT}/Pods/Target Support Files/Pods-flick/Pods-flick-resources.sh\"\n";
			showEnvVarsInLog = 0;
		};
		91279D2654F3F8C6A063A11B /* [CP] Check Pods Manifest.lock */ = {
			isa = PBXShellScriptBuildPhase;
			buildActionMask = 2147483647;
			files = (
			);
			inputPaths = (
			);
			name = "[CP] Check Pods Manifest.lock";
			outputPaths = (
			);
			runOnlyForDeploymentPostprocessing = 0;
			shellPath = /bin/sh;
			shellScript = "diff \"${PODS_PODFILE_DIR_PATH}/Podfile.lock\" \"${PODS_ROOT}/Manifest.lock\" > /dev/null\nif [ $? != 0 ] ; then\n    # print error to STDERR\n    echo \"error: The sandbox is not in sync with the Podfile.lock. Run 'pod install' or update your CocoaPods installation.\" >&2\n    exit 1\nfi\n";
			showEnvVarsInLog = 0;
		};
		E344730F2119AF478F39E76C /* [CP] Embed Pods Frameworks */ = {
			isa = PBXShellScriptBuildPhase;
			buildActionMask = 2147483647;
			files = (
			);
			inputPaths = (
			);
			name = "[CP] Embed Pods Frameworks";
			outputPaths = (
			);
			runOnlyForDeploymentPostprocessing = 0;
			shellPath = /bin/sh;
			shellScript = "\"${SRCROOT}/Pods/Target Support Files/Pods-flick/Pods-flick-frameworks.sh\"\n";
			showEnvVarsInLog = 0;
		};
/* End PBXShellScriptBuildPhase section */

/* Begin PBXSourcesBuildPhase section */
		7EE7A16D1EF07BA000897E8E /* Sources */ = {
			isa = PBXSourcesBuildPhase;
			buildActionMask = 2147483647;
			files = (
				7EE7A1751EF07BA000897E8E /* AppDelegate.swift in Sources */,
				7EE7A1891EF07C4900897E8E /* MoviesCell.swift in Sources */,
				7EE7A1871EF07C4900897E8E /* MovieViewController.swift in Sources */,
				7E17D6141EF390DA00DA7EA8 /* DetailsViewController.swift in Sources */,
			);
			runOnlyForDeploymentPostprocessing = 0;
		};
/* End PBXSourcesBuildPhase section */

/* Begin PBXVariantGroup section */
		7EE7A1781EF07BA000897E8E /* Main.storyboard */ = {
			isa = PBXVariantGroup;
			children = (
				7EE7A1791EF07BA000897E8E /* Base */,
			);
			name = Main.storyboard;
			sourceTree = "<group>";
		};
		7EE7A17D1EF07BA000897E8E /* LaunchScreen.storyboard */ = {
			isa = PBXVariantGroup;
			children = (
				7EE7A17E1EF07BA000897E8E /* Base */,
			);
			name = LaunchScreen.storyboard;
			sourceTree = "<group>";
		};
/* End PBXVariantGroup section */

/* Begin XCBuildConfiguration section */
		7EE7A1811EF07BA000897E8E /* Debug */ = {
			isa = XCBuildConfiguration;
			buildSettings = {
				ALWAYS_SEARCH_USER_PATHS = NO;
				CLANG_ANALYZER_NONNULL = YES;
				CLANG_ANALYZER_NUMBER_OBJECT_CONVERSION = YES_AGGRESSIVE;
				CLANG_CXX_LANGUAGE_STANDARD = "gnu++0x";
				CLANG_CXX_LIBRARY = "libc++";
				CLANG_ENABLE_MODULES = YES;
				CLANG_ENABLE_OBJC_ARC = YES;
				CLANG_WARN_BOOL_CONVERSION = YES;
				CLANG_WARN_CONSTANT_CONVERSION = YES;
				CLANG_WARN_DIRECT_OBJC_ISA_USAGE = YES_ERROR;
				CLANG_WARN_DOCUMENTATION_COMMENTS = YES;
				CLANG_WARN_EMPTY_BODY = YES;
				CLANG_WARN_ENUM_CONVERSION = YES;
				CLANG_WARN_INFINITE_RECURSION = YES;
				CLANG_WARN_INT_CONVERSION = YES;
				CLANG_WARN_OBJC_ROOT_CLASS = YES_ERROR;
				CLANG_WARN_SUSPICIOUS_MOVE = YES;
				CLANG_WARN_UNREACHABLE_CODE = YES;
				CLANG_WARN__DUPLICATE_METHOD_MATCH = YES;
				"CODE_SIGN_IDENTITY[sdk=iphoneos*]" = "iPhone Developer";
				COPY_PHASE_STRIP = NO;
				DEBUG_INFORMATION_FORMAT = dwarf;
				ENABLE_STRICT_OBJC_MSGSEND = YES;
				ENABLE_TESTABILITY = YES;
				GCC_C_LANGUAGE_STANDARD = gnu99;
				GCC_DYNAMIC_NO_PIC = NO;
				GCC_NO_COMMON_BLOCKS = YES;
				GCC_OPTIMIZATION_LEVEL = 0;
				GCC_PREPROCESSOR_DEFINITIONS = (
					"DEBUG=1",
					"$(inherited)",
				);
				GCC_WARN_64_TO_32_BIT_CONVERSION = YES;
				GCC_WARN_ABOUT_RETURN_TYPE = YES_ERROR;
				GCC_WARN_UNDECLARED_SELECTOR = YES;
				GCC_WARN_UNINITIALIZED_AUTOS = YES_AGGRESSIVE;
				GCC_WARN_UNUSED_FUNCTION = YES;
				GCC_WARN_UNUSED_VARIABLE = YES;
				IPHONEOS_DEPLOYMENT_TARGET = 10.3;
				MTL_ENABLE_DEBUG_INFO = YES;
				ONLY_ACTIVE_ARCH = YES;
				SDKROOT = iphoneos;
				SWIFT_ACTIVE_COMPILATION_CONDITIONS = DEBUG;
				SWIFT_OPTIMIZATION_LEVEL = "-Onone";
				TARGETED_DEVICE_FAMILY = "1,2";
			};
			name = Debug;
		};
		7EE7A1821EF07BA000897E8E /* Release */ = {
			isa = XCBuildConfiguration;
			buildSettings = {
				ALWAYS_SEARCH_USER_PATHS = NO;
				CLANG_ANALYZER_NONNULL = YES;
				CLANG_ANALYZER_NUMBER_OBJECT_CONVERSION = YES_AGGRESSIVE;
				CLANG_CXX_LANGUAGE_STANDARD = "gnu++0x";
				CLANG_CXX_LIBRARY = "libc++";
				CLANG_ENABLE_MODULES = YES;
				CLANG_ENABLE_OBJC_ARC = YES;
				CLANG_WARN_BOOL_CONVERSION = YES;
				CLANG_WARN_CONSTANT_CONVERSION = YES;
				CLANG_WARN_DIRECT_OBJC_ISA_USAGE = YES_ERROR;
				CLANG_WARN_DOCUMENTATION_COMMENTS = YES;
				CLANG_WARN_EMPTY_BODY = YES;
				CLANG_WARN_ENUM_CONVERSION = YES;
				CLANG_WARN_INFINITE_RECURSION = YES;
				CLANG_WARN_INT_CONVERSION = YES;
				CLANG_WARN_OBJC_ROOT_CLASS = YES_ERROR;
				CLANG_WARN_SUSPICIOUS_MOVE = YES;
				CLANG_WARN_UNREACHABLE_CODE = YES;
				CLANG_WARN__DUPLICATE_METHOD_MATCH = YES;
				"CODE_SIGN_IDENTITY[sdk=iphoneos*]" = "iPhone Developer";
				COPY_PHASE_STRIP = NO;
				DEBUG_INFORMATION_FORMAT = "dwarf-with-dsym";
				ENABLE_NS_ASSERTIONS = NO;
				ENABLE_STRICT_OBJC_MSGSEND = YES;
				GCC_C_LANGUAGE_STANDARD = gnu99;
				GCC_NO_COMMON_BLOCKS = YES;
				GCC_WARN_64_TO_32_BIT_CONVERSION = YES;
				GCC_WARN_ABOUT_RETURN_TYPE = YES_ERROR;
				GCC_WARN_UNDECLARED_SELECTOR = YES;
				GCC_WARN_UNINITIALIZED_AUTOS = YES_AGGRESSIVE;
				GCC_WARN_UNUSED_FUNCTION = YES;
				GCC_WARN_UNUSED_VARIABLE = YES;
				IPHONEOS_DEPLOYMENT_TARGET = 10.3;
				MTL_ENABLE_DEBUG_INFO = NO;
				SDKROOT = iphoneos;
				SWIFT_OPTIMIZATION_LEVEL = "-Owholemodule";
				TARGETED_DEVICE_FAMILY = "1,2";
				VALIDATE_PRODUCT = YES;
			};
			name = Release;
		};
		7EE7A1841EF07BA000897E8E /* Debug */ = {
			isa = XCBuildConfiguration;
			baseConfigurationReference = 28E027910E330ABF284F506A /* Pods-flick.debug.xcconfig */;
			buildSettings = {
				ASSETCATALOG_COMPILER_APPICON_NAME = AppIcon;
				INFOPLIST_FILE = flick/Info.plist;
				LD_RUNPATH_SEARCH_PATHS = "$(inherited) @executable_path/Frameworks";
				PRODUCT_BUNDLE_IDENTIFIER = codeschool.flick;
				PRODUCT_NAME = "$(TARGET_NAME)";
				SWIFT_VERSION = 3.0;
			};
			name = Debug;
		};
		7EE7A1851EF07BA000897E8E /* Release */ = {
			isa = XCBuildConfiguration;
			baseConfigurationReference = 1B84F97191CC8DC03299AA6A /* Pods-flick.release.xcconfig */;
			buildSettings = {
				ASSETCATALOG_COMPILER_APPICON_NAME = AppIcon;
				INFOPLIST_FILE = flick/Info.plist;
				LD_RUNPATH_SEARCH_PATHS = "$(inherited) @executable_path/Frameworks";
				PRODUCT_BUNDLE_IDENTIFIER = codeschool.flick;
				PRODUCT_NAME = "$(TARGET_NAME)";
				SWIFT_VERSION = 3.0;
			};
			name = Release;
		};
/* End XCBuildConfiguration section */

/* Begin XCConfigurationList section */
		7EE7A16C1EF07BA000897E8E /* Build configuration list for PBXProject "flick" */ = {
			isa = XCConfigurationList;
			buildConfigurations = (
				7EE7A1811EF07BA000897E8E /* Debug */,
				7EE7A1821EF07BA000897E8E /* Release */,
			);
			defaultConfigurationIsVisible = 0;
			defaultConfigurationName = Release;
		};
		7EE7A1831EF07BA000897E8E /* Build configuration list for PBXNativeTarget "flick" */ = {
			isa = XCConfigurationList;
			buildConfigurations = (
				7EE7A1841EF07BA000897E8E /* Debug */,
				7EE7A1851EF07BA000897E8E /* Release */,
			);
			defaultConfigurationIsVisible = 0;
			defaultConfigurationName = Release;
		};
/* End XCConfigurationList section */
	};
	rootObject = 7EE7A1691EF07BA000897E8E /* Project object */;
}
